
Microsoft Visual Studio Solution File, Format Version 12.00
# Visual Studio Version 16
VisualStudioVersion = 16.0.31005.135
MinimumVisualStudioVersion = 10.0.40219.1
Project("{F184B08F-C81C-45F6-A57F-5ABD9991F28F}") = "MealFridge", "MealFridge.vbproj", "{B69E6297-D2F5-4BF5-8E43-07872972A225}"
EndProject
Global
	GlobalSection(SolutionConfigurationPlatforms) = preSolution
		Debug|Any CPU = Debug|Any CPU
		Release|Any CPU = Release|Any CPU
	EndGlobalSection
	GlobalSection(ProjectConfigurationPlatforms) = postSolution
		{B69E6297-D2F5-4BF5-8E43-07872972A225}.Debug|Any CPU.ActiveCfg = Debug|Any CPU
		{B69E6297-D2F5-4BF5-8E43-07872972A225}.Debug|Any CPU.Build.0 = Debug|Any CPU
		{B69E6297-D2F5-4BF5-8E43-07872972A225}.Release|Any CPU.ActiveCfg = Release|Any CPU
		{B69E6297-D2F5-4BF5-8E43-07872972A225}.Release|Any CPU.Build.0 = Release|Any CPU
	EndGlobalSection
	GlobalSection(SolutionProperties) = preSolution
		HideSolutionNode = FALSE
	EndGlobalSection
	GlobalSection(ExtensibilityGlobals) = postSolution
		SolutionGuid = {8415EBC8-24D1-49E9-AD68-9DFB9176628E}
	EndGlobalSection
EndGlobal
